
Microsoft Visual Studio Solution File, Format Version 12.00
# Visual Studio Version 17
VisualStudioVersion = 17.8.34330.188
MinimumVisualStudioVersion = 10.0.40219.1
Project("{9A19103F-16F7-4668-BE54-9A1E7A4F7556}") = "1A", "1A\1A.csproj", "{F7E6B08C-DBA9-40DD-AFED-1BED7796FDEF}"
EndProject
Project("{9A19103F-16F7-4668-BE54-9A1E7A4F7556}") = "158A", "158A\158A.csproj", "{19437AFA-43B8-40FF-B858-44480F8B3406}"
EndProject
Project("{9A19103F-16F7-4668-BE54-9A1E7A4F7556}") = "282A", "282A\282A.csproj", "{D741361E-0A21-438E-9615-711908FB36D5}"
EndProject
Project("{9A19103F-16F7-4668-BE54-9A1E7A4F7556}") = "50A", "50A\50A.csproj", "{CCE92857-632D-4A6D-9013-A3171FEA3645}"
EndProject
Project("{9A19103F-16F7-4668-BE54-9A1E7A4F7556}") = "112A", "112A\112A.csproj", "{A88C122B-5BAA-4F11-881E-494B3E48B59D}"
EndProject
Project("{9A19103F-16F7-4668-BE54-9A1E7A4F7556}") = "339A", "339A\339A.csproj", "{3C2AEC27-D16D-4AAD-808C-540B945AB1D5}"
EndProject
Project("{9A19103F-16F7-4668-BE54-9A1E7A4F7556}") = "281A", "281A\281A.csproj", "{9263F80F-EC2B-4290-AEEE-B13800F50F68}"
EndProject
Project("{9A19103F-16F7-4668-BE54-9A1E7A4F7556}") = "236A", "236A\236A.csproj", "{AB762FAA-9D29-439A-ADF9-D33C988D2233}"
EndProject
Project("{9A19103F-16F7-4668-BE54-9A1E7A4F7556}") = "118A", "118A\118A.csproj", "{64FC90B9-B172-4BA0-9C82-F9D98F95EA2F}"
EndProject
Project("{9A19103F-16F7-4668-BE54-9A1E7A4F7556}") = "266A", "266A\266A.csproj", "{B33B4216-9C58-4F4B-A10C-86F9795D8DF5}"
EndProject
Project("{FAE04EC0-301F-11D3-BF4B-00C04F79EFBC}") = "546A", "546A\546A.csproj", "{0F206964-BB8F-4D91-9B92-C5C4CFC569C6}"
EndProject
Project("{FAE04EC0-301F-11D3-BF4B-00C04F79EFBC}") = "59A", "59A\59A.csproj", "{DA0E650B-A283-48B1-B199-9579453AB90F}"
EndProject
Global
	GlobalSection(SolutionConfigurationPlatforms) = preSolution
		Debug|Any CPU = Debug|Any CPU
		Release|Any CPU = Release|Any CPU
	EndGlobalSection
	GlobalSection(ProjectConfigurationPlatforms) = postSolution
		{F7E6B08C-DBA9-40DD-AFED-1BED7796FDEF}.Debug|Any CPU.ActiveCfg = Debug|Any CPU
		{F7E6B08C-DBA9-40DD-AFED-1BED7796FDEF}.Debug|Any CPU.Build.0 = Debug|Any CPU
		{F7E6B08C-DBA9-40DD-AFED-1BED7796FDEF}.Release|Any CPU.ActiveCfg = Release|Any CPU
		{F7E6B08C-DBA9-40DD-AFED-1BED7796FDEF}.Release|Any CPU.Build.0 = Release|Any CPU
		{19437AFA-43B8-40FF-B858-44480F8B3406}.Debug|Any CPU.ActiveCfg = Debug|Any CPU
		{19437AFA-43B8-40FF-B858-44480F8B3406}.Debug|Any CPU.Build.0 = Debug|Any CPU
		{19437AFA-43B8-40FF-B858-44480F8B3406}.Release|Any CPU.ActiveCfg = Release|Any CPU
		{19437AFA-43B8-40FF-B858-44480F8B3406}.Release|Any CPU.Build.0 = Release|Any CPU
		{D741361E-0A21-438E-9615-711908FB36D5}.Debug|Any CPU.ActiveCfg = Debug|Any CPU
		{D741361E-0A21-438E-9615-711908FB36D5}.Debug|Any CPU.Build.0 = Debug|Any CPU
		{D741361E-0A21-438E-9615-711908FB36D5}.Release|Any CPU.ActiveCfg = Release|Any CPU
		{D741361E-0A21-438E-9615-711908FB36D5}.Release|Any CPU.Build.0 = Release|Any CPU
		{CCE92857-632D-4A6D-9013-A3171FEA3645}.Debug|Any CPU.ActiveCfg = Debug|Any CPU
		{CCE92857-632D-4A6D-9013-A3171FEA3645}.Debug|Any CPU.Build.0 = Debug|Any CPU
		{CCE92857-632D-4A6D-9013-A3171FEA3645}.Release|Any CPU.ActiveCfg = Release|Any CPU
		{CCE92857-632D-4A6D-9013-A3171FEA3645}.Release|Any CPU.Build.0 = Release|Any CPU
		{A88C122B-5BAA-4F11-881E-494B3E48B59D}.Debug|Any CPU.ActiveCfg = Debug|Any CPU
		{A88C122B-5BAA-4F11-881E-494B3E48B59D}.Debug|Any CPU.Build.0 = Debug|Any CPU
		{A88C122B-5BAA-4F11-881E-494B3E48B59D}.Release|Any CPU.ActiveCfg = Release|Any CPU
		{A88C122B-5BAA-4F11-881E-494B3E48B59D}.Release|Any CPU.Build.0 = Release|Any CPU
		{3C2AEC27-D16D-4AAD-808C-540B945AB1D5}.Debug|Any CPU.ActiveCfg = Debug|Any CPU
		{3C2AEC27-D16D-4AAD-808C-540B945AB1D5}.Debug|Any CPU.Build.0 = Debug|Any CPU
		{3C2AEC27-D16D-4AAD-808C-540B945AB1D5}.Release|Any CPU.ActiveCfg = Release|Any CPU
		{3C2AEC27-D16D-4AAD-808C-540B945AB1D5}.Release|Any CPU.Build.0 = Release|Any CPU
		{9263F80F-EC2B-4290-AEEE-B13800F50F68}.Debug|Any CPU.ActiveCfg = Debug|Any CPU
		{9263F80F-EC2B-4290-AEEE-B13800F50F68}.Debug|Any CPU.Build.0 = Debug|Any CPU
		{9263F80F-EC2B-4290-AEEE-B13800F50F68}.Release|Any CPU.ActiveCfg = Release|Any CPU
		{9263F80F-EC2B-4290-AEEE-B13800F50F68}.Release|Any CPU.Build.0 = Release|Any CPU
		{AB762FAA-9D29-439A-ADF9-D33C988D2233}.Debug|Any CPU.ActiveCfg = Debug|Any CPU
		{AB762FAA-9D29-439A-ADF9-D33C988D2233}.Debug|Any CPU.Build.0 = Debug|Any CPU
		{AB762FAA-9D29-439A-ADF9-D33C988D2233}.Release|Any CPU.ActiveCfg = Release|Any CPU
		{AB762FAA-9D29-439A-ADF9-D33C988D2233}.Release|Any CPU.Build.0 = Release|Any CPU
		{64FC90B9-B172-4BA0-9C82-F9D98F95EA2F}.Debug|Any CPU.ActiveCfg = Debug|Any CPU
		{64FC90B9-B172-4BA0-9C82-F9D98F95EA2F}.Debug|Any CPU.Build.0 = Debug|Any CPU
		{64FC90B9-B172-4BA0-9C82-F9D98F95EA2F}.Release|Any CPU.ActiveCfg = Release|Any CPU
		{64FC90B9-B172-4BA0-9C82-F9D98F95EA2F}.Release|Any CPU.Build.0 = Release|Any CPU
		{B33B4216-9C58-4F4B-A10C-86F9795D8DF5}.Debug|Any CPU.ActiveCfg = Debug|Any CPU
		{B33B4216-9C58-4F4B-A10C-86F9795D8DF5}.Debug|Any CPU.Build.0 = Debug|Any CPU
		{B33B4216-9C58-4F4B-A10C-86F9795D8DF5}.Release|Any CPU.ActiveCfg = Release|Any CPU
		{B33B4216-9C58-4F4B-A10C-86F9795D8DF5}.Release|Any CPU.Build.0 = Release|Any CPU
		{0F206964-BB8F-4D91-9B92-C5C4CFC569C6}.Debug|Any CPU.ActiveCfg = Debug|Any CPU
		{0F206964-BB8F-4D91-9B92-C5C4CFC569C6}.Debug|Any CPU.Build.0 = Debug|Any CPU
		{0F206964-BB8F-4D91-9B92-C5C4CFC569C6}.Release|Any CPU.ActiveCfg = Release|Any CPU
		{0F206964-BB8F-4D91-9B92-C5C4CFC569C6}.Release|Any CPU.Build.0 = Release|Any CPU
		{DA0E650B-A283-48B1-B199-9579453AB90F}.Debug|Any CPU.ActiveCfg = Debug|Any CPU
		{DA0E650B-A283-48B1-B199-9579453AB90F}.Debug|Any CPU.Build.0 = Debug|Any CPU
		{DA0E650B-A283-48B1-B199-9579453AB90F}.Release|Any CPU.ActiveCfg = Release|Any CPU
		{DA0E650B-A283-48B1-B199-9579453AB90F}.Release|Any CPU.Build.0 = Release|Any CPU
	EndGlobalSection
	GlobalSection(SolutionProperties) = preSolution
		HideSolutionNode = FALSE
	EndGlobalSection
	GlobalSection(ExtensibilityGlobals) = postSolution
		SolutionGuid = {CBECCC0D-B2A7-457B-B4ED-C715F1FFB8BE}
	EndGlobalSection
EndGlobal
